
Microsoft Visual Studio Solution File, Format Version 12.00
# Visual Studio Version 17
VisualStudioVersion = 17.0.31815.197
MinimumVisualStudioVersion = 10.0.40219.1
Project("{2150E333-8FDC-42A3-9474-1A3956D46DE8}") = "solutionItems", "solutionItems", "{78D1F156-E3F2-4193-AAB0-A6229E5B81E6}"
	ProjectSection(SolutionItems) = preProject
		LICENSE = LICENSE
		README.md = README.md
	EndProjectSection
EndProject
Project("{9A19103F-16F7-4668-BE54-9A1E7A4F7556}") = "model", "model\model.csproj", "{048D0E47-BDE7-4B35-B978-3BF26CE6CA2D}"
EndProject
Project("{9A19103F-16F7-4668-BE54-9A1E7A4F7556}") = "c_sharp_10", "c_sharp_10\c_sharp_10.csproj", "{AAFFBD41-298D-4687-B583-EDE36BF48407}"
EndProject
Project("{9A19103F-16F7-4668-BE54-9A1E7A4F7556}") = "c_sharp_07", "c_sharp_07\c_sharp_07.csproj", "{DD3FA663-0F94-4600-B18D-A30491738B9F}"
EndProject
Project("{9A19103F-16F7-4668-BE54-9A1E7A4F7556}") = "c_sharp_08", "c_sharp_08\c_sharp_08.csproj", "{DA774E40-EF98-4372-A443-347507E93D05}"
EndProject
Project("{9A19103F-16F7-4668-BE54-9A1E7A4F7556}") = "c_sharp_09", "c_sharp_09\c_sharp_09.csproj", "{38A710CD-71F4-4906-B741-827D31ADA208}"
EndProject
Project("{FAE04EC0-301F-11D3-BF4B-00C04F79EFBC}") = "Misc", "Misc\Misc.csproj", "{A9CCCECF-5E75-415F-A48E-8C4F11E1E5A2}"
EndProject
Global
	GlobalSection(SolutionConfigurationPlatforms) = preSolution
		Debug|Any CPU = Debug|Any CPU
		Release|Any CPU = Release|Any CPU
	EndGlobalSection
	GlobalSection(ProjectConfigurationPlatforms) = postSolution
		{048D0E47-BDE7-4B35-B978-3BF26CE6CA2D}.Debug|Any CPU.ActiveCfg = Debug|Any CPU
		{048D0E47-BDE7-4B35-B978-3BF26CE6CA2D}.Debug|Any CPU.Build.0 = Debug|Any CPU
		{048D0E47-BDE7-4B35-B978-3BF26CE6CA2D}.Release|Any CPU.ActiveCfg = Release|Any CPU
		{048D0E47-BDE7-4B35-B978-3BF26CE6CA2D}.Release|Any CPU.Build.0 = Release|Any CPU
		{AAFFBD41-298D-4687-B583-EDE36BF48407}.Debug|Any CPU.ActiveCfg = Debug|Any CPU
		{AAFFBD41-298D-4687-B583-EDE36BF48407}.Debug|Any CPU.Build.0 = Debug|Any CPU
		{AAFFBD41-298D-4687-B583-EDE36BF48407}.Release|Any CPU.ActiveCfg = Release|Any CPU
		{AAFFBD41-298D-4687-B583-EDE36BF48407}.Release|Any CPU.Build.0 = Release|Any CPU
		{DD3FA663-0F94-4600-B18D-A30491738B9F}.Debug|Any CPU.ActiveCfg = Debug|Any CPU
		{DD3FA663-0F94-4600-B18D-A30491738B9F}.Debug|Any CPU.Build.0 = Debug|Any CPU
		{DD3FA663-0F94-4600-B18D-A30491738B9F}.Release|Any CPU.ActiveCfg = Release|Any CPU
		{DD3FA663-0F94-4600-B18D-A30491738B9F}.Release|Any CPU.Build.0 = Release|Any CPU
		{DA774E40-EF98-4372-A443-347507E93D05}.Debug|Any CPU.ActiveCfg = Debug|Any CPU
		{DA774E40-EF98-4372-A443-347507E93D05}.Debug|Any CPU.Build.0 = Debug|Any CPU
		{DA774E40-EF98-4372-A443-347507E93D05}.Release|Any CPU.ActiveCfg = Release|Any CPU
		{DA774E40-EF98-4372-A443-347507E93D05}.Release|Any CPU.Build.0 = Release|Any CPU
		{38A710CD-71F4-4906-B741-827D31ADA208}.Debug|Any CPU.ActiveCfg = Debug|Any CPU
		{38A710CD-71F4-4906-B741-827D31ADA208}.Debug|Any CPU.Build.0 = Debug|Any CPU
		{38A710CD-71F4-4906-B741-827D31ADA208}.Release|Any CPU.ActiveCfg = Release|Any CPU
		{38A710CD-71F4-4906-B741-827D31ADA208}.Release|Any CPU.Build.0 = Release|Any CPU
		{A9CCCECF-5E75-415F-A48E-8C4F11E1E5A2}.Debug|Any CPU.ActiveCfg = Debug|Any CPU
		{A9CCCECF-5E75-415F-A48E-8C4F11E1E5A2}.Debug|Any CPU.Build.0 = Debug|Any CPU
		{A9CCCECF-5E75-415F-A48E-8C4F11E1E5A2}.Release|Any CPU.ActiveCfg = Release|Any CPU
		{A9CCCECF-5E75-415F-A48E-8C4F11E1E5A2}.Release|Any CPU.Build.0 = Release|Any CPU
	EndGlobalSection
	GlobalSection(SolutionProperties) = preSolution
		HideSolutionNode = FALSE
	EndGlobalSection
	GlobalSection(ExtensibilityGlobals) = postSolution
		SolutionGuid = {CFCD26D1-8DF1-4045-AD67-C0213D17C09E}
	EndGlobalSection
EndGlobal
