
Microsoft Visual Studio Solution File, Format Version 12.00
# Visual Studio Version 17
VisualStudioVersion = 17.2.32505.173
MinimumVisualStudioVersion = 10.0.40219.1
Project("{2150E333-8FDC-42A3-9474-1A3956D46DE8}") = "solutionItems", "solutionItems", "{78D1F156-E3F2-4193-AAB0-A6229E5B81E6}"
	ProjectSection(SolutionItems) = preProject
		LICENSE = LICENSE
		README.md = README.md
	EndProjectSection
EndProject
Project("{9A19103F-16F7-4668-BE54-9A1E7A4F7556}") = "model", "model\model.csproj", "{048D0E47-BDE7-4B35-B978-3BF26CE6CA2D}"
EndProject
Project("{9A19103F-16F7-4668-BE54-9A1E7A4F7556}") = "c_sharp_10", "c_sharp_10\c_sharp_10.csproj", "{AAFFBD41-298D-4687-B583-EDE36BF48407}"
EndProject
Project("{9A19103F-16F7-4668-BE54-9A1E7A4F7556}") = "c_sharp_07", "c_sharp_07\c_sharp_07.csproj", "{DD3FA663-0F94-4600-B18D-A30491738B9F}"
EndProject
Project("{9A19103F-16F7-4668-BE54-9A1E7A4F7556}") = "c_sharp_08", "c_sharp_08\c_sharp_08.csproj", "{DA774E40-EF98-4372-A443-347507E93D05}"
EndProject
Project("{9A19103F-16F7-4668-BE54-9A1E7A4F7556}") = "c_sharp_09", "c_sharp_09\c_sharp_09.csproj", "{38A710CD-71F4-4906-B741-827D31ADA208}"
EndProject
Project("{9A19103F-16F7-4668-BE54-9A1E7A4F7556}") = "Misc", "Misc\Misc.csproj", "{A9CCCECF-5E75-415F-A48E-8C4F11E1E5A2}"
EndProject
Project("{2150E333-8FDC-42A3-9474-1A3956D46DE8}") = "benchmark", "benchmark", "{EC1384E0-7E1E-47DB-8F5C-216C3D7A46A0}"
EndProject
Project("{9A19103F-16F7-4668-BE54-9A1E7A4F7556}") = "c_sharp_11", "c_sharp_11\c_sharp_11.csproj", "{06FC0818-8C21-4E3F-880B-820C2342679F}"
EndProject
Project("{2150E333-8FDC-42A3-9474-1A3956D46DE8}") = "HttpExperiment", "HttpExperiment", "{96CEF2FF-9AEB-408C-91EA-0A9217CF6D71}"
EndProject
Project("{9A19103F-16F7-4668-BE54-9A1E7A4F7556}") = "Http123Api", "HttpExperiment\Http123Api\Http123Api.csproj", "{3219D12D-202C-47FA-9121-D68196251837}"
EndProject
Project("{9A19103F-16F7-4668-BE54-9A1E7A4F7556}") = "Http123Client", "HttpExperiment\Http123Client\Http123Client.csproj", "{AEF3043A-306F-48CB-86D7-6B1A2B1F2AA7}"
EndProject
Project("{2150E333-8FDC-42A3-9474-1A3956D46DE8}") = "Loop", "Loop", "{78ED2F46-53C4-41F2-A173-7A7D45FFA856}"
EndProject
Project("{2150E333-8FDC-42A3-9474-1A3956D46DE8}") = "String", "String", "{2C9F79F5-2A87-4AAB-A27D-EADFED7B4D3A}"
EndProject
Project("{9A19103F-16F7-4668-BE54-9A1E7A4F7556}") = "StringPerformance", "benchmark\String\StringPerformance\StringPerformance.csproj", "{372AE8EE-C131-4A5A-AB35-E4B63CD38A97}"
EndProject
Project("{9A19103F-16F7-4668-BE54-9A1E7A4F7556}") = "StringPerformance31", "benchmark\String\StringPerformance31\StringPerformance31.csproj", "{39C0B294-9E34-476E-81E4-221289C1795F}"
EndProject
Project("{9A19103F-16F7-4668-BE54-9A1E7A4F7556}") = "StringPerformance60", "benchmark\String\StringPerformance60\StringPerformance60.csproj", "{7575AB43-A66C-4494-AD2E-A4672261D46F}"
EndProject
Project("{FAE04EC0-301F-11D3-BF4B-00C04F79EFBC}") = "LoopPerformance", "benchmark\Loop\LoopPerformance\LoopPerformance.csproj", "{49484A2F-67E2-45E9-ABA5-5CAEA23C69AE}"
EndProject
Project("{FAE04EC0-301F-11D3-BF4B-00C04F79EFBC}") = "LoopPerformanceWithDoSomething", "benchmark\Loop\LoopPerformanceWithDoSomething\LoopPerformanceWithDoSomething.csproj", "{88F9DC63-4688-475A-8035-527835BEA141}"
EndProject
Project("{FAE04EC0-301F-11D3-BF4B-00C04F79EFBC}") = "LoopPerformanceWithDoSomethingAsync", "benchmark\Loop\LoopPerformanceWithDoSomethingAsync\LoopPerformanceWithDoSomethingAsync.csproj", "{2AE2C5D2-596B-4F45-9BB3-D6197AD2B565}"
EndProject
Global
	GlobalSection(SolutionConfigurationPlatforms) = preSolution
		Debug|Any CPU = Debug|Any CPU
		Release|Any CPU = Release|Any CPU
	EndGlobalSection
	GlobalSection(ProjectConfigurationPlatforms) = postSolution
		{048D0E47-BDE7-4B35-B978-3BF26CE6CA2D}.Debug|Any CPU.ActiveCfg = Debug|Any CPU
		{048D0E47-BDE7-4B35-B978-3BF26CE6CA2D}.Debug|Any CPU.Build.0 = Debug|Any CPU
		{048D0E47-BDE7-4B35-B978-3BF26CE6CA2D}.Release|Any CPU.ActiveCfg = Release|Any CPU
		{048D0E47-BDE7-4B35-B978-3BF26CE6CA2D}.Release|Any CPU.Build.0 = Release|Any CPU
		{AAFFBD41-298D-4687-B583-EDE36BF48407}.Debug|Any CPU.ActiveCfg = Debug|Any CPU
		{AAFFBD41-298D-4687-B583-EDE36BF48407}.Debug|Any CPU.Build.0 = Debug|Any CPU
		{AAFFBD41-298D-4687-B583-EDE36BF48407}.Release|Any CPU.ActiveCfg = Release|Any CPU
		{AAFFBD41-298D-4687-B583-EDE36BF48407}.Release|Any CPU.Build.0 = Release|Any CPU
		{DD3FA663-0F94-4600-B18D-A30491738B9F}.Debug|Any CPU.ActiveCfg = Debug|Any CPU
		{DD3FA663-0F94-4600-B18D-A30491738B9F}.Debug|Any CPU.Build.0 = Debug|Any CPU
		{DD3FA663-0F94-4600-B18D-A30491738B9F}.Release|Any CPU.ActiveCfg = Release|Any CPU
		{DD3FA663-0F94-4600-B18D-A30491738B9F}.Release|Any CPU.Build.0 = Release|Any CPU
		{DA774E40-EF98-4372-A443-347507E93D05}.Debug|Any CPU.ActiveCfg = Debug|Any CPU
		{DA774E40-EF98-4372-A443-347507E93D05}.Debug|Any CPU.Build.0 = Debug|Any CPU
		{DA774E40-EF98-4372-A443-347507E93D05}.Release|Any CPU.ActiveCfg = Release|Any CPU
		{DA774E40-EF98-4372-A443-347507E93D05}.Release|Any CPU.Build.0 = Release|Any CPU
		{38A710CD-71F4-4906-B741-827D31ADA208}.Debug|Any CPU.ActiveCfg = Debug|Any CPU
		{38A710CD-71F4-4906-B741-827D31ADA208}.Debug|Any CPU.Build.0 = Debug|Any CPU
		{38A710CD-71F4-4906-B741-827D31ADA208}.Release|Any CPU.ActiveCfg = Release|Any CPU
		{38A710CD-71F4-4906-B741-827D31ADA208}.Release|Any CPU.Build.0 = Release|Any CPU
		{A9CCCECF-5E75-415F-A48E-8C4F11E1E5A2}.Debug|Any CPU.ActiveCfg = Debug|Any CPU
		{A9CCCECF-5E75-415F-A48E-8C4F11E1E5A2}.Debug|Any CPU.Build.0 = Debug|Any CPU
		{A9CCCECF-5E75-415F-A48E-8C4F11E1E5A2}.Release|Any CPU.ActiveCfg = Release|Any CPU
		{A9CCCECF-5E75-415F-A48E-8C4F11E1E5A2}.Release|Any CPU.Build.0 = Release|Any CPU
		{06FC0818-8C21-4E3F-880B-820C2342679F}.Debug|Any CPU.ActiveCfg = Debug|Any CPU
		{06FC0818-8C21-4E3F-880B-820C2342679F}.Debug|Any CPU.Build.0 = Debug|Any CPU
		{06FC0818-8C21-4E3F-880B-820C2342679F}.Release|Any CPU.ActiveCfg = Release|Any CPU
		{06FC0818-8C21-4E3F-880B-820C2342679F}.Release|Any CPU.Build.0 = Release|Any CPU
		{3219D12D-202C-47FA-9121-D68196251837}.Debug|Any CPU.ActiveCfg = Debug|Any CPU
		{3219D12D-202C-47FA-9121-D68196251837}.Debug|Any CPU.Build.0 = Debug|Any CPU
		{3219D12D-202C-47FA-9121-D68196251837}.Release|Any CPU.ActiveCfg = Release|Any CPU
		{3219D12D-202C-47FA-9121-D68196251837}.Release|Any CPU.Build.0 = Release|Any CPU
		{AEF3043A-306F-48CB-86D7-6B1A2B1F2AA7}.Debug|Any CPU.ActiveCfg = Debug|Any CPU
		{AEF3043A-306F-48CB-86D7-6B1A2B1F2AA7}.Debug|Any CPU.Build.0 = Debug|Any CPU
		{AEF3043A-306F-48CB-86D7-6B1A2B1F2AA7}.Release|Any CPU.ActiveCfg = Release|Any CPU
		{AEF3043A-306F-48CB-86D7-6B1A2B1F2AA7}.Release|Any CPU.Build.0 = Release|Any CPU
		{372AE8EE-C131-4A5A-AB35-E4B63CD38A97}.Debug|Any CPU.ActiveCfg = Debug|Any CPU
		{372AE8EE-C131-4A5A-AB35-E4B63CD38A97}.Debug|Any CPU.Build.0 = Debug|Any CPU
		{372AE8EE-C131-4A5A-AB35-E4B63CD38A97}.Release|Any CPU.ActiveCfg = Release|Any CPU
		{372AE8EE-C131-4A5A-AB35-E4B63CD38A97}.Release|Any CPU.Build.0 = Release|Any CPU
		{39C0B294-9E34-476E-81E4-221289C1795F}.Debug|Any CPU.ActiveCfg = Debug|Any CPU
		{39C0B294-9E34-476E-81E4-221289C1795F}.Debug|Any CPU.Build.0 = Debug|Any CPU
		{39C0B294-9E34-476E-81E4-221289C1795F}.Release|Any CPU.ActiveCfg = Release|Any CPU
		{39C0B294-9E34-476E-81E4-221289C1795F}.Release|Any CPU.Build.0 = Release|Any CPU
		{7575AB43-A66C-4494-AD2E-A4672261D46F}.Debug|Any CPU.ActiveCfg = Debug|Any CPU
		{7575AB43-A66C-4494-AD2E-A4672261D46F}.Debug|Any CPU.Build.0 = Debug|Any CPU
		{7575AB43-A66C-4494-AD2E-A4672261D46F}.Release|Any CPU.ActiveCfg = Release|Any CPU
		{7575AB43-A66C-4494-AD2E-A4672261D46F}.Release|Any CPU.Build.0 = Release|Any CPU
		{49484A2F-67E2-45E9-ABA5-5CAEA23C69AE}.Debug|Any CPU.ActiveCfg = Debug|Any CPU
		{49484A2F-67E2-45E9-ABA5-5CAEA23C69AE}.Debug|Any CPU.Build.0 = Debug|Any CPU
		{49484A2F-67E2-45E9-ABA5-5CAEA23C69AE}.Release|Any CPU.ActiveCfg = Release|Any CPU
		{49484A2F-67E2-45E9-ABA5-5CAEA23C69AE}.Release|Any CPU.Build.0 = Release|Any CPU
		{88F9DC63-4688-475A-8035-527835BEA141}.Debug|Any CPU.ActiveCfg = Debug|Any CPU
		{88F9DC63-4688-475A-8035-527835BEA141}.Debug|Any CPU.Build.0 = Debug|Any CPU
		{88F9DC63-4688-475A-8035-527835BEA141}.Release|Any CPU.ActiveCfg = Release|Any CPU
		{88F9DC63-4688-475A-8035-527835BEA141}.Release|Any CPU.Build.0 = Release|Any CPU
		{2AE2C5D2-596B-4F45-9BB3-D6197AD2B565}.Debug|Any CPU.ActiveCfg = Debug|Any CPU
		{2AE2C5D2-596B-4F45-9BB3-D6197AD2B565}.Debug|Any CPU.Build.0 = Debug|Any CPU
		{2AE2C5D2-596B-4F45-9BB3-D6197AD2B565}.Release|Any CPU.ActiveCfg = Release|Any CPU
		{2AE2C5D2-596B-4F45-9BB3-D6197AD2B565}.Release|Any CPU.Build.0 = Release|Any CPU
	EndGlobalSection
	GlobalSection(SolutionProperties) = preSolution
		HideSolutionNode = FALSE
	EndGlobalSection
	GlobalSection(NestedProjects) = preSolution
		{3219D12D-202C-47FA-9121-D68196251837} = {96CEF2FF-9AEB-408C-91EA-0A9217CF6D71}
		{AEF3043A-306F-48CB-86D7-6B1A2B1F2AA7} = {96CEF2FF-9AEB-408C-91EA-0A9217CF6D71}
		{78ED2F46-53C4-41F2-A173-7A7D45FFA856} = {EC1384E0-7E1E-47DB-8F5C-216C3D7A46A0}
		{2C9F79F5-2A87-4AAB-A27D-EADFED7B4D3A} = {EC1384E0-7E1E-47DB-8F5C-216C3D7A46A0}
		{372AE8EE-C131-4A5A-AB35-E4B63CD38A97} = {2C9F79F5-2A87-4AAB-A27D-EADFED7B4D3A}
		{39C0B294-9E34-476E-81E4-221289C1795F} = {2C9F79F5-2A87-4AAB-A27D-EADFED7B4D3A}
		{7575AB43-A66C-4494-AD2E-A4672261D46F} = {2C9F79F5-2A87-4AAB-A27D-EADFED7B4D3A}
		{49484A2F-67E2-45E9-ABA5-5CAEA23C69AE} = {78ED2F46-53C4-41F2-A173-7A7D45FFA856}
		{88F9DC63-4688-475A-8035-527835BEA141} = {78ED2F46-53C4-41F2-A173-7A7D45FFA856}
		{2AE2C5D2-596B-4F45-9BB3-D6197AD2B565} = {78ED2F46-53C4-41F2-A173-7A7D45FFA856}
	EndGlobalSection
	GlobalSection(ExtensibilityGlobals) = postSolution
		SolutionGuid = {CFCD26D1-8DF1-4045-AD67-C0213D17C09E}
	EndGlobalSection
EndGlobal
